
Microsoft Visual Studio Solution File, Format Version 12.00
# Visual Studio Version 17
VisualStudioVersion = 17.7.34024.191
MinimumVisualStudioVersion = 10.0.40219.1
Project("{FAE04EC0-301F-11D3-BF4B-00C04F79EFBC}") = "Prakt_06_11_2", "Prakt_06_11_2\Prakt_06_11_2.csproj", "{8FEFEBBC-4226-4FB2-8539-A0D76715B129}"
EndProject
Global
	GlobalSection(SolutionConfigurationPlatforms) = preSolution
		Debug|Any CPU = Debug|Any CPU
		Release|Any CPU = Release|Any CPU
	EndGlobalSection
	GlobalSection(ProjectConfigurationPlatforms) = postSolution
		{8FEFEBBC-4226-4FB2-8539-A0D76715B129}.Debug|Any CPU.ActiveCfg = Debug|Any CPU
		{8FEFEBBC-4226-4FB2-8539-A0D76715B129}.Debug|Any CPU.Build.0 = Debug|Any CPU
		{8FEFEBBC-4226-4FB2-8539-A0D76715B129}.Release|Any CPU.ActiveCfg = Release|Any CPU
		{8FEFEBBC-4226-4FB2-8539-A0D76715B129}.Release|Any CPU.Build.0 = Release|Any CPU
	EndGlobalSection
	GlobalSection(SolutionProperties) = preSolution
		HideSolutionNode = FALSE
	EndGlobalSection
	GlobalSection(ExtensibilityGlobals) = postSolution
		SolutionGuid = {812F9A1F-0979-46FB-BF62-3E5F8DAD891A}
	EndGlobalSection
EndGlobal
